
Microsoft Visual Studio Solution File, Format Version 12.00
# Visual Studio 15
VisualStudioVersion = 15.0.28010.2026
MinimumVisualStudioVersion = 10.0.40219.1
Project("{FAE04EC0-301F-11D3-BF4B-00C04F79EFBC}") = "ProjectSolutionMISTeam17", "ProjectSolutionMISTeam17\ProjectSolutionMISTeam17.csproj", "{AB1C093B-C0AE-49FC-9190-3CC1E634D7F1}"
EndProject
Global
	GlobalSection(SolutionConfigurationPlatforms) = preSolution
		Debug|Any CPU = Debug|Any CPU
		Release|Any CPU = Release|Any CPU
	EndGlobalSection
	GlobalSection(ProjectConfigurationPlatforms) = postSolution
		{AB1C093B-C0AE-49FC-9190-3CC1E634D7F1}.Debug|Any CPU.ActiveCfg = Debug|Any CPU
		{AB1C093B-C0AE-49FC-9190-3CC1E634D7F1}.Debug|Any CPU.Build.0 = Debug|Any CPU
		{AB1C093B-C0AE-49FC-9190-3CC1E634D7F1}.Release|Any CPU.ActiveCfg = Release|Any CPU
		{AB1C093B-C0AE-49FC-9190-3CC1E634D7F1}.Release|Any CPU.Build.0 = Release|Any CPU
	EndGlobalSection
	GlobalSection(SolutionProperties) = preSolution
		HideSolutionNode = FALSE
	EndGlobalSection
	GlobalSection(ExtensibilityGlobals) = postSolution
		SolutionGuid = {2E63C033-69AA-49E7-892C-FA912F848F97}
	EndGlobalSection
EndGlobal
